load_data:
  cmd: python src/load_data.py --config=params.yaml
  deps:
  - path: src/load_data.py
    md5: 0f968aa5ba9361f6b221c36844803d3b
    size: 1417
  outs:
  - path: Training_Raw_Files
    md5: e56894b0812b99797276021d14dbaf75.dir
    size: 13625126
    nfiles: 41
validate_data:
  cmd: python src/validate_data.py --config=params.yaml
  deps:
  - path: src/load_data.py
    md5: 950aa1458e0e5173bce519106f36c32d
    size: 1470
  - path: src/validate_data.py
    md5: 0193e6f95c5ee713054cf771ac09ba80
    size: 982
transform_data:
  cmd: python src/transform_data.py --config=params.yaml
  deps:
  - path: src/load_data.py
    md5: 950aa1458e0e5173bce519106f36c32d
    size: 1470
  - path: src/transform_data.py
    md5: f39a1f91ddf775ca3af10771ca56d4ea
    size: 1064
insert_data:
  cmd: python src/insert_data_to_db.py --config=params.yaml
  deps:
  - path: src/insert_data_to_db.py
    md5: 9596f54c9fffd0a7c86d3ebdea4d3117
    size: 984
  - path: src/load_data.py
    md5: 950aa1458e0e5173bce519106f36c32d
    size: 1470
  outs:
  - path: Consolidated_Training_Data/InputFile.csv
    md5: 9bd4c1a5e6b78ba5571b07fe88ebf313
    size: 4140444
  - path: Training_Database/Training.db
    md5: 0c212abb3084f94575d2698dec7c0ef7
    size: 4202496
train_model:
  cmd: python src/train_model.py --config=params.yaml
  deps:
  - path: Consolidated_Training_Data/InputFile.csv
    md5: 9bd4c1a5e6b78ba5571b07fe88ebf313
    size: 4140444
  - path: src/load_data.py
    md5: 950aa1458e0e5173bce519106f36c32d
    size: 1470
  - path: src/train_model.py
    md5: fc4381909ffe9d033e4f5dd6b3c4719f
    size: 1520
  params:
    params.yaml:
      estimators.GridSearchCV.params.cv: 5
      estimators.GridSearchCV.params.verbose: 2
      estimators.KNNImputer.params.n_neighbors: 3
      estimators.KNNImputer.params.weights: uniform
      estimators.RandomForest.params.criterion:
      - gini
      - entropy
      estimators.RandomForest.params.max_depth:
      - 2
      - 3
      - 4
      estimators.RandomForest.params.max_features:
      - auto
      - log2
      estimators.RandomForest.params.n_estimators:
      - 10
      - 50
      - 100
      - 130
      estimators.XGBoost.params.learning_rate:
      - 0.5
      - 0.1
      - 0.01
      - 0.001
      estimators.XGBoost.params.max_depth:
      - 3
      - 5
      - 10
      - 20
      estimators.XGBoost.params.n_estimators:
      - 10
      - 50
      - 100
      - 200
  outs:
  - path: Reports/params.json
    md5: 71a7a6b6e1b42f221529ae84d5556ca5
    size: 843
  - path: Reports/scores.json
    md5: 6191a7ce41dcb92370ed2d58221ad5cc
    size: 224
test_run:
  cmd: python test.py
  deps:
  - path: test.py
    md5: c5d268c7236f73aeb3408ce281775782
    size: 316
